{
    "_meta": {
        "hash": {
            "sha256": "1952b41bc8745ed690d386b015fc23bb98dbbd09f6dc61db499c3e09153ad3d6"
        },
        "pipfile-spec": 6,
        "requires": {
            "python_version": "3.10"
        },
        "sources": [
            {
                "name": "pypi",
                "url": "https://pypi.org/simple",
                "verify_ssl": true
            }
        ]
    },
    "default": {
        "pyee": {
            "hashes": [
                "sha256:2770c4928abc721f46b705e6a72b0c59480c4a69c9a83ca0b00bb994f1ea4b32",
                "sha256:9f066570130c554e9cc12de5a9d86f57c7ee47fece163bbdaa3e9c933cfbdfa5"
            ],
            "version": "==9.0.4"
        },
        "python-ffmpeg": {
            "hashes": [
                "sha256:5ffe4351c2f975c7091803c4abccd581f2bd3592142259d1728862eb15f1761d",
                "sha256:d0e0e07a18fabf67d32eac6c4ca027da74285fdf4fa3e7f76e96e46037754114"
            ],
            "index": "pypi",
            "version": "==1.0.13"
        },
        "pytube": {
            "hashes": [
                "sha256:422a9c2e1d35521f00c692b59c18edbaf2c1e12197bd36745bf00a26875674db",
                "sha256:e6cb158ab16f747eae490a5f49233ddb1f111a425c014fb8a9cda7fcb806a689"
            ],
            "index": "pypi",
            "version": "==12.0.0"
        },
        "typing-extensions": {
            "hashes": [
                "sha256:1a9462dcc3347a79b1f1c0271fbe79e844580bb598bafa1ed208b94da3cdcd42",
                "sha256:21c85e0fe4b9a155d0799430b0ad741cdce7e359660ccbd8b530613e8df88ce2"
            ],
            "markers": "python_version >= '3.6'",
            "version": "==4.1.1"
        }
    },
    "develop": {}
}
